
Microsoft Visual Studio Solution File, Format Version 12.00
# Visual Studio Version 17
VisualStudioVersion = 17.7.34221.43
MinimumVisualStudioVersion = 10.0.40219.1
Project("{FAE04EC0-301F-11D3-BF4B-00C04F79EFBC}") = "User_Management_System.API", "User_Management_System.API\User_Management_System.API.csproj", "{A55EF30F-80F9-41C7-9928-255BB9BA25D4}"
EndProject
Global
	GlobalSection(SolutionConfigurationPlatforms) = preSolution
		Debug|Any CPU = Debug|Any CPU
		Release|Any CPU = Release|Any CPU
	EndGlobalSection
	GlobalSection(ProjectConfigurationPlatforms) = postSolution
		{A55EF30F-80F9-41C7-9928-255BB9BA25D4}.Debug|Any CPU.ActiveCfg = Debug|Any CPU
		{A55EF30F-80F9-41C7-9928-255BB9BA25D4}.Debug|Any CPU.Build.0 = Debug|Any CPU
		{A55EF30F-80F9-41C7-9928-255BB9BA25D4}.Release|Any CPU.ActiveCfg = Release|Any CPU
		{A55EF30F-80F9-41C7-9928-255BB9BA25D4}.Release|Any CPU.Build.0 = Release|Any CPU
	EndGlobalSection
	GlobalSection(SolutionProperties) = preSolution
		HideSolutionNode = FALSE
	EndGlobalSection
	GlobalSection(ExtensibilityGlobals) = postSolution
		SolutionGuid = {8D4EA873-F8F2-477C-B24E-92128FC481CB}
	EndGlobalSection
EndGlobal
